{
  "projects": [
    {
      "projectId": "64G9hSPmkkec6VSdJWQs85",
      "version": "latest",
      "dependencies": {},
      "lang": "ts",
      "fileLocks": [
        {
          "type": "globalVariant",
          "assetId": "keJy5JOzWFik",
          "checksum": "83afea49796795c0b0c2af8fc795df6d"
        },
        {
          "type": "renderModule",
          "assetId": "GhdTGfpXYhyR",
          "checksum": "b377c32887d8b1a3ba828c1ca8de50c1"
        },
        {
          "type": "cssRules",
          "assetId": "GhdTGfpXYhyR",
          "checksum": "b377c32887d8b1a3ba828c1ca8de50c1"
        },
        {
          "type": "renderModule",
          "assetId": "HPUuT6AmnD8F",
          "checksum": "ab93249f34674195c12d6870cea003ac"
        },
        {
          "type": "cssRules",
          "assetId": "HPUuT6AmnD8F",
          "checksum": "ab93249f34674195c12d6870cea003ac"
        },
        {
          "type": "renderModule",
          "assetId": "Ps8j7CtJjNk2",
          "checksum": "28b1a72bab506d19c68cb3b1ccfe4a95"
        },
        {
          "type": "cssRules",
          "assetId": "Ps8j7CtJjNk2",
          "checksum": "28b1a72bab506d19c68cb3b1ccfe4a95"
        },
        {
          "type": "renderModule",
          "assetId": "F4LUYNjfWy9e",
          "checksum": "086143237c3de473d2723a754d47ef61"
        },
        {
          "type": "cssRules",
          "assetId": "F4LUYNjfWy9e",
          "checksum": "086143237c3de473d2723a754d47ef61"
        },
        {
          "type": "renderModule",
          "assetId": "8Ii-q2rN8Pnh",
          "checksum": "9bb24679049009c494572e5e02ae2860"
        },
        {
          "type": "cssRules",
          "assetId": "8Ii-q2rN8Pnh",
          "checksum": "9bb24679049009c494572e5e02ae2860"
        },
        {
          "type": "renderModule",
          "assetId": "XqyVfVFrMhPZ",
          "checksum": "259a98b04d72bfb44fe126680bd1058a"
        },
        {
          "type": "cssRules",
          "assetId": "XqyVfVFrMhPZ",
          "checksum": "259a98b04d72bfb44fe126680bd1058a"
        },
        {
          "type": "renderModule",
          "assetId": "FKvuw6gKzzyt",
          "checksum": "fee5dc7f9491cc3fc9dfa0c7b2a1b24e"
        },
        {
          "type": "cssRules",
          "assetId": "FKvuw6gKzzyt",
          "checksum": "fee5dc7f9491cc3fc9dfa0c7b2a1b24e"
        },
        {
          "type": "renderModule",
          "assetId": "uxHWsTStDkA9",
          "checksum": "55e8c2b9459a964e3aff53c16ba417f1"
        },
        {
          "type": "cssRules",
          "assetId": "uxHWsTStDkA9",
          "checksum": "55e8c2b9459a964e3aff53c16ba417f1"
        },
        {
          "type": "renderModule",
          "assetId": "ewdz8SGnKIL3",
          "checksum": "0c845ce300e3b199a7617d63ebabffcf"
        },
        {
          "type": "cssRules",
          "assetId": "ewdz8SGnKIL3",
          "checksum": "0c845ce300e3b199a7617d63ebabffcf"
        },
        {
          "type": "renderModule",
          "assetId": "Q0E_v9ce4bk7",
          "checksum": "6ee59166407cba12e66a902ed153fdcb"
        },
        {
          "type": "cssRules",
          "assetId": "Q0E_v9ce4bk7",
          "checksum": "6ee59166407cba12e66a902ed153fdcb"
        },
        {
          "type": "renderModule",
          "assetId": "wiFbZI4KHisd",
          "checksum": "b2683317f1a394bf32f85ad4de805fcd"
        },
        {
          "type": "cssRules",
          "assetId": "wiFbZI4KHisd",
          "checksum": "b2683317f1a394bf32f85ad4de805fcd"
        },
        {
          "type": "renderModule",
          "assetId": "oDsVOrxtmEGs",
          "checksum": "a146def332b66bfc30a6d47b57a4bb64"
        },
        {
          "type": "cssRules",
          "assetId": "oDsVOrxtmEGs",
          "checksum": "a146def332b66bfc30a6d47b57a4bb64"
        },
        {
          "type": "renderModule",
          "assetId": "0UnkNVJmsgUB",
          "checksum": "f7c779b70ac608d7d8854d41b8088576"
        },
        {
          "type": "cssRules",
          "assetId": "0UnkNVJmsgUB",
          "checksum": "f7c779b70ac608d7d8854d41b8088576"
        },
        {
          "type": "icon",
          "assetId": "la8VPcxfOXSB",
          "checksum": "baf33eb1ff026118a33639931478eca1"
        },
        {
          "type": "icon",
          "assetId": "noCOSIpAnk3b",
          "checksum": "aa0ba9d6ca36108d0918c45f44a480a6"
        },
        {
          "type": "icon",
          "assetId": "IcnGDywaxd_M",
          "checksum": "606b9a4fd3c5f4ef02a80521a5ed757b"
        },
        {
          "type": "icon",
          "assetId": "dJ36fNImzS0m",
          "checksum": "d022433dd547f6c2d1a612ded37158bd"
        },
        {
          "type": "icon",
          "assetId": "5iRERYFtlMC7",
          "checksum": "5898ad595695202c0ce6a45006ea9f13"
        },
        {
          "type": "icon",
          "assetId": "dYCxBHyQ-9Jx",
          "checksum": "b5fa82c39606f0ee0c772389debfa853"
        },
        {
          "type": "icon",
          "assetId": "aV5erG1vRIrL",
          "checksum": "24ca7e29e5118f2770b21e19533a5b78"
        },
        {
          "type": "icon",
          "assetId": "cW2ZutoRgi1x",
          "checksum": "a099b1a4f5ae3f163af2acf71e1705ac"
        },
        {
          "type": "icon",
          "assetId": "asAK7pycKvFg",
          "checksum": "0f45c5dc9b349df222850d31522ef366"
        },
        {
          "type": "icon",
          "assetId": "6PJd0kb7YswI",
          "checksum": "d0b67e26c5e83f787040294706182124"
        },
        {
          "type": "icon",
          "assetId": "YXvxtKsim5g0",
          "checksum": "11cc24a241360635ab76b483d85feb19"
        },
        {
          "type": "icon",
          "assetId": "9cSiibpZjKZz",
          "checksum": "d92193da3751dcc521c66e898f65e0a3"
        },
        {
          "type": "icon",
          "assetId": "r680e7bJqM4C",
          "checksum": "478fe4da6a3be98bc58f063c5ca8f490"
        },
        {
          "type": "icon",
          "assetId": "O9B5VZbZ9oUA",
          "checksum": "dda6118a12859383dd2a67f0d93aa025"
        },
        {
          "type": "icon",
          "assetId": "G8QmCdBQ0vJW",
          "checksum": "384e550a30d311371c179c3a1d7b7e3a"
        },
        {
          "type": "icon",
          "assetId": "3aHgE534Srlf",
          "checksum": "5a4ab0515b62fb3399ba446d0d4db5e5"
        },
        {
          "type": "icon",
          "assetId": "CbQYTYtCeqPy",
          "checksum": "9df080884cb4375d8241e088d5c8771d"
        },
        {
          "type": "icon",
          "assetId": "az2s5HaR2NKm",
          "checksum": "b695b450e080dea85678d0f70e9c9a3f"
        },
        {
          "type": "icon",
          "assetId": "IB49qfTKx9Ll",
          "checksum": "b667c044d2017ca5022810610765dd02"
        },
        {
          "type": "image",
          "assetId": "1-2c__cPo9Ud",
          "checksum": "c94bb81a6eda86d14fe0dad46edacf45"
        },
        {
          "type": "image",
          "assetId": "PtKrAp9ykEiN",
          "checksum": "fb59aaf1f94ba76b8d1abb30641760c7"
        },
        {
          "type": "image",
          "assetId": "NJ0zizqktaAt",
          "checksum": "6d8b58f5b4f2d81dc73a17534c6162fa"
        },
        {
          "type": "image",
          "assetId": "yKxl3o-jpuFB",
          "checksum": "a952f0686e7856cdb24d5a140b20af62"
        },
        {
          "type": "image",
          "assetId": "ZpDJDfH-abxg",
          "checksum": "aec8d07de85242ec1e930414c64c48d4"
        },
        {
          "type": "image",
          "assetId": "R2oQLaHsUCj3",
          "checksum": "d8012945f0c0c1ba6878ae5f0ceef306"
        },
        {
          "type": "image",
          "assetId": "BB8yaLO0aH3Y",
          "checksum": "c894cb62f4fb4f644b1539fdb59ce282"
        },
        {
          "type": "image",
          "assetId": "nO9HNWpO-nbT",
          "checksum": "2c3d75a157459930e13a337309da809f"
        },
        {
          "type": "image",
          "assetId": "Ae_zWE7eqqC0",
          "checksum": "97f324adacba3fb8926b0bbc4f4ba802"
        },
        {
          "type": "image",
          "assetId": "iZypU7CgNAmx",
          "checksum": "4a577f94a7f57a0416f3a2f73ee02d11"
        },
        {
          "type": "image",
          "assetId": "tfAdyEM_foc3",
          "checksum": "33cec1808c5bd10797b9c9dfa1593cfb"
        },
        {
          "type": "image",
          "assetId": "pppsHBmGv2Uk",
          "checksum": "76b01670afaa91d90beea295d6682588"
        },
        {
          "type": "image",
          "assetId": "qTXUnMK4YEoy",
          "checksum": "ab88529913eeca7054c52348cad85e87"
        },
        {
          "type": "image",
          "assetId": "S1pWpAkbhH-S",
          "checksum": "572c746438f2c617275e0a15a32360d7"
        },
        {
          "type": "image",
          "assetId": "CKs_uHnDQSPV",
          "checksum": "2ccd2e8a7f965ef7235c8fe61ebb9f21"
        },
        {
          "type": "image",
          "assetId": "6qJV68X7CfsA",
          "checksum": "9fd1dcd222440da046087f256b6df3b4"
        },
        {
          "type": "image",
          "assetId": "wb7rXpRP05c7",
          "checksum": "f314bc985a1b173d1cfad92f77154804"
        },
        {
          "type": "image",
          "assetId": "-lvtxjIqwY5e",
          "checksum": "9d9f677a80cce5a6a35d1bdd60dcf162"
        },
        {
          "type": "image",
          "assetId": "uVNqrVbPuaid",
          "checksum": "e51b73b23a4c6caa344a8f9415f3f286"
        },
        {
          "type": "image",
          "assetId": "TEpBE4AooO6b",
          "checksum": "6b04637c02fa61e804cc44d12d46867a"
        },
        {
          "type": "image",
          "assetId": "sE_xbCdO383q",
          "checksum": "2cd075f4f0098164f80f149182b2d794"
        },
        {
          "type": "image",
          "assetId": "Zs1Js9D_ihqp",
          "checksum": "16c4a58fc33cdd8bca344f42f02ee748"
        },
        {
          "type": "image",
          "assetId": "fq9WIOxBKbBB",
          "checksum": "07c35582da74b5153c439ec5a60ee1e4"
        },
        {
          "type": "image",
          "assetId": "KrVhPTUJJS7x",
          "checksum": "9cd27735de33e3dd9c34054f02064ab5"
        },
        {
          "type": "image",
          "assetId": "YiGw_rzC8kGI",
          "checksum": "cdfb31e27237becf340ddd1aeacd1a1d"
        },
        {
          "type": "image",
          "assetId": "z_DbD-OsExAW",
          "checksum": "7317166c4fc000a233f57d66d2fc75d4"
        },
        {
          "type": "image",
          "assetId": "BDagBAo_SzaJ",
          "checksum": "82b599d4123372d62819248fe1850dfd"
        },
        {
          "type": "image",
          "assetId": "oTk-ngrcA6Oe",
          "checksum": "804847d5c687271f5ca5187c9d030568"
        },
        {
          "type": "image",
          "assetId": "DM8adJWH5EZf",
          "checksum": "ab211f96b6b161b1291967750a080d4b"
        },
        {
          "type": "image",
          "assetId": "CXN5UoYMzBa4",
          "checksum": "bfc13067929d3eaf2bd8b9cafe5c8284"
        },
        {
          "type": "image",
          "assetId": "mycXRk_PDOGi",
          "checksum": "25d920e3d7a7db39f925678b30d7ef74"
        },
        {
          "type": "image",
          "assetId": "46w24iWaGcd-",
          "checksum": "233a301157c16e2b41a68b9a22758f6c"
        },
        {
          "type": "image",
          "assetId": "ePnOK2ab-7S6",
          "checksum": "aef58eca811c46be2b2c622dbf085dfc"
        },
        {
          "type": "image",
          "assetId": "PlQ1IN0YLseX",
          "checksum": "e45283c21ab9d5bd5015d2451a2a6749"
        },
        {
          "type": "image",
          "assetId": "cdTsyIy1p_gm",
          "checksum": "9afd7c32a93a291a38acbf2eb3729001"
        },
        {
          "type": "image",
          "assetId": "pNmLHnc7rU_z",
          "checksum": "03a135b49fa8bd71dfd089ce6164d64e"
        },
        {
          "type": "image",
          "assetId": "IPYPEYS4NN7V",
          "checksum": "95379f435295cf3ec080f260881ff680"
        },
        {
          "type": "image",
          "assetId": "b3PcolnwYSA6",
          "checksum": "b8558e99720ab6e2918170937b5293ea"
        },
        {
          "type": "image",
          "assetId": "EYe2fbKM8dod",
          "checksum": "23cf895ebc29bed2ee4d90b9e1970b0d"
        },
        {
          "type": "image",
          "assetId": "QK7GQ8bMdgjn",
          "checksum": "6a29222ed567957b01e78d0ac10b543a"
        },
        {
          "type": "image",
          "assetId": "ZRYPLxlkwtPZ",
          "checksum": "dfafb3f0deae76cc8d618e7928dfb140"
        },
        {
          "type": "image",
          "assetId": "YuDFe92RfHq3",
          "checksum": "922ebbd9636d76d87caababdac83a28d"
        },
        {
          "type": "image",
          "assetId": "yuyMeviORa_0",
          "checksum": "324bb502bda3adb01e5d79699bfd32e3"
        },
        {
          "type": "image",
          "assetId": "tlDnX118NgmG",
          "checksum": "39ad01cb56de41aaae98e270e4bb6e1d"
        },
        {
          "type": "image",
          "assetId": "inG6o-uDZ846",
          "checksum": "443abff7e76c3c9bf9bc68595668232c"
        },
        {
          "type": "image",
          "assetId": "rMaplCF4t94W",
          "checksum": "ae707a36d73b23990c833f1f21c72909"
        },
        {
          "type": "image",
          "assetId": "MMX1DHQfsThw",
          "checksum": "58f4455baa1d15c989ac31e5e63e0e91"
        },
        {
          "type": "image",
          "assetId": "nhG2TkO6bCZy",
          "checksum": "9f6a5a7900d8574fe5ce64b7fe918cd2"
        },
        {
          "type": "image",
          "assetId": "Qdt0EaqPQf8Q",
          "checksum": "d9344152c5fa5042e10db7c5ea58d063"
        },
        {
          "type": "image",
          "assetId": "yiTD4h1UjtlH",
          "checksum": "b5b6d80bbe434afd51a0653924d1b420"
        },
        {
          "type": "image",
          "assetId": "EjNEq07C08gN",
          "checksum": "ef48965fb6f150a84381de59c35870f2"
        },
        {
          "type": "image",
          "assetId": "mpaL6m1ujJHh",
          "checksum": "223ce45ee720374520b95474118c5d58"
        },
        {
          "type": "image",
          "assetId": "2NP8CZwpeEJu",
          "checksum": "fbc323d66f1bfb2cc3ec7000c86eb8c4"
        },
        {
          "type": "image",
          "assetId": "phzpuN46QT8G",
          "checksum": "3d7578a7e0e980d0a023d09119ae0333"
        },
        {
          "type": "image",
          "assetId": "t7hz-e88-l4B",
          "checksum": "988f524efefe6a1b75c5cd11fee36e92"
        },
        {
          "type": "image",
          "assetId": "FsVfWmn_k_t4",
          "checksum": "9a4dea21b99bee0696e115b7fed209b2"
        },
        {
          "type": "image",
          "assetId": "jCIVjZb6OZYk",
          "checksum": "15de6150e0ec72128ff2f644bd143010"
        },
        {
          "type": "image",
          "assetId": "AOPP4-b4LxM2",
          "checksum": "cc9af83671a5a151f548b6379881128d"
        },
        {
          "type": "image",
          "assetId": "g35uvGV0DLiF",
          "checksum": "b0a23d23d8df22669ddaec86efdf0412"
        },
        {
          "type": "image",
          "assetId": "OzVUIwSohbnG",
          "checksum": "479c2d5c61eb3ab8a9b7a3a7dd74cc64"
        },
        {
          "type": "image",
          "assetId": "UmXW4j7iAGd1",
          "checksum": "5503393de5126afdab201178ad72a0c9"
        },
        {
          "type": "image",
          "assetId": "7YA_cyOnplbm",
          "checksum": "7073f7b230b4c60b77f01f5b37f11734"
        },
        {
          "type": "image",
          "assetId": "wmzKzfuj2wc6",
          "checksum": "f6cbec7da65e36bcfacd4b24b72018ce"
        },
        {
          "type": "image",
          "assetId": "CKQvWSC9U3mI",
          "checksum": "892c8f5ed06d8dca76231e5c506c1edb"
        },
        {
          "type": "image",
          "assetId": "J2pMgj-SMCVU",
          "checksum": "62e1356ee148c758c59713c0ac865a5a"
        },
        {
          "type": "image",
          "assetId": "amIc934R-bNI",
          "checksum": "a41bb3e0710bca5bff0ef7ffbad72377"
        },
        {
          "type": "image",
          "assetId": "KGVlQrY6y-6U",
          "checksum": "1852ebb18380c09a19a85541b1e8a931"
        },
        {
          "type": "image",
          "assetId": "7GR0K0cqrSOk",
          "checksum": "06036e2eaa2a802dc3a79a7413bf5baf"
        },
        {
          "assetId": "64G9hSPmkkec6VSdJWQs85",
          "type": "projectCss",
          "checksum": "c61fb4db9dcfa704e74424a768379d7b"
        }
      ],
      "codegenVersion": "0.0.1"
    }
  ],
  "cliVersion": "0.1.340"
}
